
Microsoft Visual Studio Solution File, Format Version 12.00
# Visual Studio Version 17
VisualStudioVersion = 17.14.36616.10 d17.14
MinimumVisualStudioVersion = 10.0.40219.1
Project("{FAE04EC0-301F-11D3-BF4B-00C04F79EFBC}") = "TripConnect", "TripConnect\TripConnect.csproj", "{B3098879-A3F3-44AF-9082-823845D7B8B8}"
EndProject
Global
	GlobalSection(SolutionConfigurationPlatforms) = preSolution
		Debug|Any CPU = Debug|Any CPU
		Release|Any CPU = Release|Any CPU
	EndGlobalSection
	GlobalSection(ProjectConfigurationPlatforms) = postSolution
		{B3098879-A3F3-44AF-9082-823845D7B8B8}.Debug|Any CPU.ActiveCfg = Debug|Any CPU
		{B3098879-A3F3-44AF-9082-823845D7B8B8}.Debug|Any CPU.Build.0 = Debug|Any CPU
		{B3098879-A3F3-44AF-9082-823845D7B8B8}.Release|Any CPU.ActiveCfg = Release|Any CPU
		{B3098879-A3F3-44AF-9082-823845D7B8B8}.Release|Any CPU.Build.0 = Release|Any CPU
	EndGlobalSection
	GlobalSection(SolutionProperties) = preSolution
		HideSolutionNode = FALSE
	EndGlobalSection
	GlobalSection(ExtensibilityGlobals) = postSolution
		SolutionGuid = {2EDA574A-8128-44BA-9BA3-E55B2A257D83}
	EndGlobalSection
EndGlobal
